
Microsoft Visual Studio Solution File, Format Version 11.00
# Visual Studio 2010
Project("{FAE04EC0-301F-11D3-BF4B-00C04F79EFBC}") = "FireBallEscape", "Assembly-CSharp.csproj", "{04E61FAC-C91D-D382-3549-EE7693F1E20C}"
EndProject
Project("{FAE04EC0-301F-11D3-BF4B-00C04F79EFBC}") = "FireBallEscape", "Assembly-CSharp-firstpass.csproj", "{B498A585-DAB1-1A09-B35F-731AA4F8415A}"
EndProject
Project("{FAE04EC0-301F-11D3-BF4B-00C04F79EFBC}") = "FireBallEscape", "Assembly-CSharp-Editor-firstpass.csproj", "{A82B1A3A-52F8-7640-A1A7-DCBFA6E7240F}"
EndProject
Project("{FAE04EC0-301F-11D3-BF4B-00C04F79EFBC}") = "FireBallEscape", "Assembly-CSharp-Editor.csproj", "{951E3A96-08EA-B5BB-AAF5-E3A5162AEF7B}"
EndProject
Global
	GlobalSection(SolutionConfigurationPlatforms) = preSolution
		Debug|Any CPU = Debug|Any CPU
		Release|Any CPU = Release|Any CPU
	EndGlobalSection
	GlobalSection(ProjectConfigurationPlatforms) = postSolution
		{04E61FAC-C91D-D382-3549-EE7693F1E20C}.Debug|Any CPU.ActiveCfg = Debug|Any CPU
		{04E61FAC-C91D-D382-3549-EE7693F1E20C}.Debug|Any CPU.Build.0 = Debug|Any CPU
		{04E61FAC-C91D-D382-3549-EE7693F1E20C}.Release|Any CPU.ActiveCfg = Release|Any CPU
		{04E61FAC-C91D-D382-3549-EE7693F1E20C}.Release|Any CPU.Build.0 = Release|Any CPU
		{B498A585-DAB1-1A09-B35F-731AA4F8415A}.Debug|Any CPU.ActiveCfg = Debug|Any CPU
		{B498A585-DAB1-1A09-B35F-731AA4F8415A}.Debug|Any CPU.Build.0 = Debug|Any CPU
		{B498A585-DAB1-1A09-B35F-731AA4F8415A}.Release|Any CPU.ActiveCfg = Release|Any CPU
		{B498A585-DAB1-1A09-B35F-731AA4F8415A}.Release|Any CPU.Build.0 = Release|Any CPU
		{A82B1A3A-52F8-7640-A1A7-DCBFA6E7240F}.Debug|Any CPU.ActiveCfg = Debug|Any CPU
		{A82B1A3A-52F8-7640-A1A7-DCBFA6E7240F}.Debug|Any CPU.Build.0 = Debug|Any CPU
		{A82B1A3A-52F8-7640-A1A7-DCBFA6E7240F}.Release|Any CPU.ActiveCfg = Release|Any CPU
		{A82B1A3A-52F8-7640-A1A7-DCBFA6E7240F}.Release|Any CPU.Build.0 = Release|Any CPU
		{951E3A96-08EA-B5BB-AAF5-E3A5162AEF7B}.Debug|Any CPU.ActiveCfg = Debug|Any CPU
		{951E3A96-08EA-B5BB-AAF5-E3A5162AEF7B}.Debug|Any CPU.Build.0 = Debug|Any CPU
		{951E3A96-08EA-B5BB-AAF5-E3A5162AEF7B}.Release|Any CPU.ActiveCfg = Release|Any CPU
		{951E3A96-08EA-B5BB-AAF5-E3A5162AEF7B}.Release|Any CPU.Build.0 = Release|Any CPU
	EndGlobalSection
	GlobalSection(SolutionProperties) = preSolution
		HideSolutionNode = FALSE
	EndGlobalSection
	GlobalSection(MonoDevelopProperties) = preSolution
		StartupItem = Assembly-CSharp.csproj
	EndGlobalSection
EndGlobal
