
Microsoft Visual Studio Solution File, Format Version 12.00
# Visual Studio 2017
Project("{FAE04EC0-301F-11D3-BF4B-00C04F79EFBC}") = "FireBallEscape.Plugins", "FireBallEscape.Plugins.csproj", "{7741615B-C344-DEC2-2B40-3A2749C9B363}"
EndProject
Project("{FAE04EC0-301F-11D3-BF4B-00C04F79EFBC}") = "FireBallEscape", "FireBallEscape.csproj", "{2A7769BA-987E-2E40-D728-DD67AFEA9634}"
EndProject
Project("{FAE04EC0-301F-11D3-BF4B-00C04F79EFBC}") = "FireBallEscape.Editor", "FireBallEscape.Editor.csproj", "{D996192B-8245-996B-2BD2-04A66BBD2D6A}"
EndProject
Global
	GlobalSection(SolutionConfigurationPlatforms) = preSolution
		Debug|Any CPU = Debug|Any CPU
		Release|Any CPU = Release|Any CPU
	EndGlobalSection
	GlobalSection(ProjectConfigurationPlatforms) = postSolution
		{7741615B-C344-DEC2-2B40-3A2749C9B363}.Debug|Any CPU.ActiveCfg = Debug|Any CPU
		{7741615B-C344-DEC2-2B40-3A2749C9B363}.Debug|Any CPU.Build.0 = Debug|Any CPU
		{7741615B-C344-DEC2-2B40-3A2749C9B363}.Release|Any CPU.ActiveCfg = Release|Any CPU
		{7741615B-C344-DEC2-2B40-3A2749C9B363}.Release|Any CPU.Build.0 = Release|Any CPU
		{2A7769BA-987E-2E40-D728-DD67AFEA9634}.Debug|Any CPU.ActiveCfg = Debug|Any CPU
		{2A7769BA-987E-2E40-D728-DD67AFEA9634}.Debug|Any CPU.Build.0 = Debug|Any CPU
		{2A7769BA-987E-2E40-D728-DD67AFEA9634}.Release|Any CPU.ActiveCfg = Release|Any CPU
		{2A7769BA-987E-2E40-D728-DD67AFEA9634}.Release|Any CPU.Build.0 = Release|Any CPU
		{D996192B-8245-996B-2BD2-04A66BBD2D6A}.Debug|Any CPU.ActiveCfg = Debug|Any CPU
		{D996192B-8245-996B-2BD2-04A66BBD2D6A}.Debug|Any CPU.Build.0 = Debug|Any CPU
		{D996192B-8245-996B-2BD2-04A66BBD2D6A}.Release|Any CPU.ActiveCfg = Release|Any CPU
		{D996192B-8245-996B-2BD2-04A66BBD2D6A}.Release|Any CPU.Build.0 = Release|Any CPU
	EndGlobalSection
	GlobalSection(SolutionProperties) = preSolution
		HideSolutionNode = FALSE
	EndGlobalSection
EndGlobal
